# This file is autogenerated, do not edit; changes may be undone by the next 'dep ensure'.


[[projects]]
  branch = "master"
  name = "github.com/minero/minero"
  packages = ["types"]
  revision = "93368d43a80e4ef6ee2f0e65c84dd7bc7929135c"

[[projects]]
  branch = "master"
  name = "github.com/minero/minero-go"
  packages = ["proto/nbt"]
  revision = "93368d43a80e4ef6ee2f0e65c84dd7bc7929135c"

[solve-meta]
  analyzer-name = "dep"
  analyzer-version = 1
  inputs-digest = "af99f5e5c128fa2ce12f2dae96fd8882c2885601a14765e6d4afbf14b283421e"
  solver-name = "gps-cdcl"
  solver-version = 1
