# This file is autogenerated, do not edit; changes may be undone by the next 'dep ensure'.


[[projects]]
  branch = "master"
  name = "github.com/logrusorgru/aurora"
  packages = ["."]
  revision = "b9c3722b64a1976e0624448ee7f5a0744b8cf629"

[[projects]]
  branch = "master"
  name = "github.com/minero/minero"
  packages = ["types"]
  revision = "93368d43a80e4ef6ee2f0e65c84dd7bc7929135c"

[[projects]]
  branch = "master"
  name = "github.com/minero/minero-go"
  packages = ["proto/nbt"]
  revision = "93368d43a80e4ef6ee2f0e65c84dd7bc7929135c"

[solve-meta]
  analyzer-name = "dep"
  analyzer-version = 1
  inputs-digest = "c87965be32d2228a563346a993a3d0ad19bbdab1bcd0fe4e13de22fe322476b7"
  solver-name = "gps-cdcl"
  solver-version = 1
